// !$*UTF8*$!
{
	archiveVersion = 1;
	classes = {
	};
	objectVersion = 48;
	objects = {

/* Begin PBXBuildFile section */
		20021C9C205F21E000D4C0A3 /* MonthCurrencyChartViewController.swift in Sources */ = {isa = PBXBuildFile; fileRef = 20021C9B205F21E000D4C0A3 /* MonthCurrencyChartViewController.swift */; };
		20280E4D205F1A260023DE98 /* AppDelegate.swift in Sources */ = {isa = PBXBuildFile; fileRef = 20280E4C205F1A260023DE98 /* AppDelegate.swift */; };
		20280E4F205F1A260023DE98 /* ViewController.swift in Sources */ = {isa = PBXBuildFile; fileRef = 20280E4E205F1A260023DE98 /* ViewController.swift */; };
		20280E52205F1A260023DE98 /* Main.storyboard in Resources */ = {isa = PBXBuildFile; fileRef = 20280E50205F1A260023DE98 /* Main.storyboard */; };
		20280E54205F1A260023DE98 /* Assets.xcassets in Resources */ = {isa = PBXBuildFile; fileRef = 20280E53205F1A260023DE98 /* Assets.xcassets */; };
		20280E57205F1A260023DE98 /* LaunchScreen.storyboard in Resources */ = {isa = PBXBuildFile; fileRef = 20280E55205F1A260023DE98 /* LaunchScreen.storyboard */; };
		20280E5F205F1BFD0023DE98 /* CalculateViewController.swift in Sources */ = {isa = PBXBuildFile; fileRef = 20280E5E205F1BFD0023DE98 /* CalculateViewController.swift */; };
		205BD6002064106C00449ED3 /* Currencies.swift in Sources */ = {isa = PBXBuildFile; fileRef = 205BD5FF2064106C00449ED3 /* Currencies.swift */; };
		205BD6022064165100449ED3 /* CurrencyRatesStepOneViewController.swift in Sources */ = {isa = PBXBuildFile; fileRef = 205BD6012064165100449ED3 /* CurrencyRatesStepOneViewController.swift */; };
		205BD60420641C6100449ED3 /* RatesTableViewController.swift in Sources */ = {isa = PBXBuildFile; fileRef = 205BD60320641C6100449ED3 /* RatesTableViewController.swift */; };
		205BD60620641E8500449ED3 /* CurrencyRates.swift in Sources */ = {isa = PBXBuildFile; fileRef = 205BD60520641E8500449ED3 /* CurrencyRates.swift */; };
		892FDF4CFEFB87A865D94E4F /* libPods-CurrencyCalculator.a in Frameworks */ = {isa = PBXBuildFile; fileRef = D3CD711951E98593C128E5C4 /* libPods-CurrencyCalculator.a */; };
/* End PBXBuildFile section */

/* Begin PBXFileReference section */
		20021C9B205F21E000D4C0A3 /* MonthCurrencyChartViewController.swift */ = {isa = PBXFileReference; lastKnownFileType = sourcecode.swift; path = MonthCurrencyChartViewController.swift; sourceTree = "<group>"; };
		20280E49205F1A260023DE98 /* CurrencyCalculator.app */ = {isa = PBXFileReference; explicitFileType = wrapper.application; includeInIndex = 0; path = CurrencyCalculator.app; sourceTree = BUILT_PRODUCTS_DIR; };
		20280E4C205F1A260023DE98 /* AppDelegate.swift */ = {isa = PBXFileReference; lastKnownFileType = sourcecode.swift; path = AppDelegate.swift; sourceTree = "<group>"; };
		20280E4E205F1A260023DE98 /* ViewController.swift */ = {isa = PBXFileReference; lastKnownFileType = sourcecode.swift; path = ViewController.swift; sourceTree = "<group>"; };
		20280E51205F1A260023DE98 /* Base */ = {isa = PBXFileReference; lastKnownFileType = file.storyboard; name = Base; path = Base.lproj/Main.storyboard; sourceTree = "<group>"; };
		20280E53205F1A260023DE98 /* Assets.xcassets */ = {isa = PBXFileReference; lastKnownFileType = folder.assetcatalog; path = Assets.xcassets; sourceTree = "<group>"; };
		20280E56205F1A260023DE98 /* Base */ = {isa = PBXFileReference; lastKnownFileType = file.storyboard; name = Base; path = Base.lproj/LaunchScreen.storyboard; sourceTree = "<group>"; };
		20280E58205F1A260023DE98 /* Info.plist */ = {isa = PBXFileReference; lastKnownFileType = text.plist.xml; path = Info.plist; sourceTree = "<group>"; };
		20280E5E205F1BFD0023DE98 /* CalculateViewController.swift */ = {isa = PBXFileReference; lastKnownFileType = sourcecode.swift; path = CalculateViewController.swift; sourceTree = "<group>"; };
		205BD5FF2064106C00449ED3 /* Currencies.swift */ = {isa = PBXFileReference; lastKnownFileType = sourcecode.swift; path = Currencies.swift; sourceTree = "<group>"; };
		205BD6012064165100449ED3 /* CurrencyRatesStepOneViewController.swift */ = {isa = PBXFileReference; lastKnownFileType = sourcecode.swift; path = CurrencyRatesStepOneViewController.swift; sourceTree = "<group>"; };
		205BD60320641C6100449ED3 /* RatesTableViewController.swift */ = {isa = PBXFileReference; lastKnownFileType = sourcecode.swift; path = RatesTableViewController.swift; sourceTree = "<group>"; };
		205BD60520641E8500449ED3 /* CurrencyRates.swift */ = {isa = PBXFileReference; lastKnownFileType = sourcecode.swift; path = CurrencyRates.swift; sourceTree = "<group>"; };
		97F0514ACD265AE30738B2CE /* Pods-CurrencyCalculator.debug.xcconfig */ = {isa = PBXFileReference; includeInIndex = 1; lastKnownFileType = text.xcconfig; name = "Pods-CurrencyCalculator.debug.xcconfig"; path = "Pods/Target Support Files/Pods-CurrencyCalculator/Pods-CurrencyCalculator.debug.xcconfig"; sourceTree = "<group>"; };
		9E1EB298D8D54C50A1B454EF /* Pods-CurrencyCalculator.release.xcconfig */ = {isa = PBXFileReference; includeInIndex = 1; lastKnownFileType = text.xcconfig; name = "Pods-CurrencyCalculator.release.xcconfig"; path = "Pods/Target Support Files/Pods-CurrencyCalculator/Pods-CurrencyCalculator.release.xcconfig"; sourceTree = "<group>"; };
		D3CD711951E98593C128E5C4 /* libPods-CurrencyCalculator.a */ = {isa = PBXFileReference; explicitFileType = archive.ar; includeInIndex = 0; path = "libPods-CurrencyCalculator.a"; sourceTree = BUILT_PRODUCTS_DIR; };
/* End PBXFileReference section */

/* Begin PBXFrameworksBuildPhase section */
		20280E46205F1A260023DE98 /* Frameworks */ = {
			isa = PBXFrameworksBuildPhase;
			buildActionMask = 2147483647;
			files = (
				892FDF4CFEFB87A865D94E4F /* libPods-CurrencyCalculator.a in Frameworks */,
			);
			runOnlyForDeploymentPostprocessing = 0;
		};
/* End PBXFrameworksBuildPhase section */

/* Begin PBXGroup section */
		20280E40205F1A260023DE98 = {
			isa = PBXGroup;
			children = (
				20280E4B205F1A260023DE98 /* CurrencyCalculator */,
				20280E4A205F1A260023DE98 /* Products */,
				2E1E56DBD7E8304BF3E76B7B /* Pods */,
				87C9A6CC94B10D321038DFC7 /* Frameworks */,
			);
			sourceTree = "<group>";
		};
		20280E4A205F1A260023DE98 /* Products */ = {
			isa = PBXGroup;
			children = (
				20280E49205F1A260023DE98 /* CurrencyCalculator.app */,
			);
			name = Products;
			sourceTree = "<group>";
		};
		20280E4B205F1A260023DE98 /* CurrencyCalculator */ = {
			isa = PBXGroup;
			children = (
				20280E4C205F1A260023DE98 /* AppDelegate.swift */,
				20280E4E205F1A260023DE98 /* ViewController.swift */,
				20280E50205F1A260023DE98 /* Main.storyboard */,
				205BD60320641C6100449ED3 /* RatesTableViewController.swift */,
				205BD60520641E8500449ED3 /* CurrencyRates.swift */,
				205BD6012064165100449ED3 /* CurrencyRatesStepOneViewController.swift */,
				205BD5FF2064106C00449ED3 /* Currencies.swift */,
				20021C9B205F21E000D4C0A3 /* MonthCurrencyChartViewController.swift */,
				20280E5E205F1BFD0023DE98 /* CalculateViewController.swift */,
				20280E53205F1A260023DE98 /* Assets.xcassets */,
				20280E55205F1A260023DE98 /* LaunchScreen.storyboard */,
				20280E58205F1A260023DE98 /* Info.plist */,
			);
			path = CurrencyCalculator;
			sourceTree = "<group>";
		};
		2E1E56DBD7E8304BF3E76B7B /* Pods */ = {
			isa = PBXGroup;
			children = (
				97F0514ACD265AE30738B2CE /* Pods-CurrencyCalculator.debug.xcconfig */,
				9E1EB298D8D54C50A1B454EF /* Pods-CurrencyCalculator.release.xcconfig */,
			);
			name = Pods;
			sourceTree = "<group>";
		};
		87C9A6CC94B10D321038DFC7 /* Frameworks */ = {
			isa = PBXGroup;
			children = (
				D3CD711951E98593C128E5C4 /* libPods-CurrencyCalculator.a */,
			);
			name = Frameworks;
			sourceTree = "<group>";
		};
/* End PBXGroup section */

/* Begin PBXNativeTarget section */
		20280E48205F1A260023DE98 /* CurrencyCalculator */ = {
			isa = PBXNativeTarget;
			buildConfigurationList = 20280E5B205F1A260023DE98 /* Build configuration list for PBXNativeTarget "CurrencyCalculator" */;
			buildPhases = (
				51B298DC0B5F814502F9726F /* [CP] Check Pods Manifest.lock */,
				20280E45205F1A260023DE98 /* Sources */,
				20280E46205F1A260023DE98 /* Frameworks */,
				20280E47205F1A260023DE98 /* Resources */,
				34F0BFC323AC17078B27692A /* [CP] Embed Pods Frameworks */,
				880DFFD8694737BB567FD5C7 /* [CP] Copy Pods Resources */,
			);
			buildRules = (
			);
			dependencies = (
			);
			name = CurrencyCalculator;
			productName = CurrencyCalculator;
			productReference = 20280E49205F1A260023DE98 /* CurrencyCalculator.app */;
			productType = "com.apple.product-type.application";
		};
/* End PBXNativeTarget section */

/* Begin PBXProject section */
		20280E41205F1A260023DE98 /* Project object */ = {
			isa = PBXProject;
			attributes = {
				LastSwiftUpdateCheck = 0920;
				LastUpgradeCheck = 0920;
				ORGANIZATIONNAME = Mateusz;
				TargetAttributes = {
					20280E48205F1A260023DE98 = {
						CreatedOnToolsVersion = 9.2;
						ProvisioningStyle = Automatic;
					};
				};
			};
			buildConfigurationList = 20280E44205F1A260023DE98 /* Build configuration list for PBXProject "CurrencyCalculator" */;
			compatibilityVersion = "Xcode 8.0";
			developmentRegion = en;
			hasScannedForEncodings = 0;
			knownRegions = (
				en,
				Base,
			);
			mainGroup = 20280E40205F1A260023DE98;
			productRefGroup = 20280E4A205F1A260023DE98 /* Products */;
			projectDirPath = "";
			projectRoot = "";
			targets = (
				20280E48205F1A260023DE98 /* CurrencyCalculator */,
			);
		};
/* End PBXProject section */

/* Begin PBXResourcesBuildPhase section */
		20280E47205F1A260023DE98 /* Resources */ = {
			isa = PBXResourcesBuildPhase;
			buildActionMask = 2147483647;
			files = (
				20280E57205F1A260023DE98 /* LaunchScreen.storyboard in Resources */,
				20280E54205F1A260023DE98 /* Assets.xcassets in Resources */,
				20280E52205F1A260023DE98 /* Main.storyboard in Resources */,
			);
			runOnlyForDeploymentPostprocessing = 0;
		};
/* End PBXResourcesBuildPhase section */

/* Begin PBXShellScriptBuildPhase section */
		34F0BFC323AC17078B27692A /* [CP] Embed Pods Frameworks */ = {
			isa = PBXShellScriptBuildPhase;
			buildActionMask = 2147483647;
			files = (
			);
			inputPaths = (
			);
			name = "[CP] Embed Pods Frameworks";
			outputPaths = (
			);
			runOnlyForDeploymentPostprocessing = 0;
			shellPath = /bin/sh;
			shellScript = "\"${SRCROOT}/Pods/Target Support Files/Pods-CurrencyCalculator/Pods-CurrencyCalculator-frameworks.sh\"\n";
			showEnvVarsInLog = 0;
		};
		51B298DC0B5F814502F9726F /* [CP] Check Pods Manifest.lock */ = {
			isa = PBXShellScriptBuildPhase;
			buildActionMask = 2147483647;
			files = (
			);
			inputPaths = (
				"${PODS_PODFILE_DIR_PATH}/Podfile.lock",
				"${PODS_ROOT}/Manifest.lock",
			);
			name = "[CP] Check Pods Manifest.lock";
			outputPaths = (
				"$(DERIVED_FILE_DIR)/Pods-CurrencyCalculator-checkManifestLockResult.txt",
			);
			runOnlyForDeploymentPostprocessing = 0;
			shellPath = /bin/sh;
			shellScript = "diff \"${PODS_PODFILE_DIR_PATH}/Podfile.lock\" \"${PODS_ROOT}/Manifest.lock\" > /dev/null\nif [ $? != 0 ] ; then\n    # print error to STDERR\n    echo \"error: The sandbox is not in sync with the Podfile.lock. Run 'pod install' or update your CocoaPods installation.\" >&2\n    exit 1\nfi\n# This output is used by Xcode 'outputs' to avoid re-running this script phase.\necho \"SUCCESS\" > \"${SCRIPT_OUTPUT_FILE_0}\"\n";
			showEnvVarsInLog = 0;
		};
		880DFFD8694737BB567FD5C7 /* [CP] Copy Pods Resources */ = {
			isa = PBXShellScriptBuildPhase;
			buildActionMask = 2147483647;
			files = (
			);
			inputPaths = (
			);
			name = "[CP] Copy Pods Resources";
			outputPaths = (
			);
			runOnlyForDeploymentPostprocessing = 0;
			shellPath = /bin/sh;
			shellScript = "\"${SRCROOT}/Pods/Target Support Files/Pods-CurrencyCalculator/Pods-CurrencyCalculator-resources.sh\"\n";
			showEnvVarsInLog = 0;
		};
/* End PBXShellScriptBuildPhase section */

/* Begin PBXSourcesBuildPhase section */
		20280E45205F1A260023DE98 /* Sources */ = {
			isa = PBXSourcesBuildPhase;
			buildActionMask = 2147483647;
			files = (
				205BD60620641E8500449ED3 /* CurrencyRates.swift in Sources */,
				205BD60420641C6100449ED3 /* RatesTableViewController.swift in Sources */,
				20280E4F205F1A260023DE98 /* ViewController.swift in Sources */,
				20280E4D205F1A260023DE98 /* AppDelegate.swift in Sources */,
				20280E5F205F1BFD0023DE98 /* CalculateViewController.swift in Sources */,
				20021C9C205F21E000D4C0A3 /* MonthCurrencyChartViewController.swift in Sources */,
				205BD6022064165100449ED3 /* CurrencyRatesStepOneViewController.swift in Sources */,
				205BD6002064106C00449ED3 /* Currencies.swift in Sources */,
			);
			runOnlyForDeploymentPostprocessing = 0;
		};
/* End PBXSourcesBuildPhase section */

/* Begin PBXVariantGroup section */
		20280E50205F1A260023DE98 /* Main.storyboard */ = {
			isa = PBXVariantGroup;
			children = (
				20280E51205F1A260023DE98 /* Base */,
			);
			name = Main.storyboard;
			sourceTree = "<group>";
		};
		20280E55205F1A260023DE98 /* LaunchScreen.storyboard */ = {
			isa = PBXVariantGroup;
			children = (
				20280E56205F1A260023DE98 /* Base */,
			);
			name = LaunchScreen.storyboard;
			sourceTree = "<group>";
		};
/* End PBXVariantGroup section */

/* Begin XCBuildConfiguration section */
		20280E59205F1A260023DE98 /* Debug */ = {
			isa = XCBuildConfiguration;
			buildSettings = {
				ALWAYS_SEARCH_USER_PATHS = NO;
				CLANG_ANALYZER_NONNULL = YES;
				CLANG_ANALYZER_NUMBER_OBJECT_CONVERSION = YES_AGGRESSIVE;
				CLANG_CXX_LANGUAGE_STANDARD = "gnu++14";
				CLANG_CXX_LIBRARY = "libc++";
				CLANG_ENABLE_MODULES = YES;
				CLANG_ENABLE_OBJC_ARC = YES;
				CLANG_WARN_BLOCK_CAPTURE_AUTORELEASING = YES;
				CLANG_WARN_BOOL_CONVERSION = YES;
				CLANG_WARN_COMMA = YES;
				CLANG_WARN_CONSTANT_CONVERSION = YES;
				CLANG_WARN_DIRECT_OBJC_ISA_USAGE = YES_ERROR;
				CLANG_WARN_DOCUMENTATION_COMMENTS = YES;
				CLANG_WARN_EMPTY_BODY = YES;
				CLANG_WARN_ENUM_CONVERSION = YES;
				CLANG_WARN_INFINITE_RECURSION = YES;
				CLANG_WARN_INT_CONVERSION = YES;
				CLANG_WARN_NON_LITERAL_NULL_CONVERSION = YES;
				CLANG_WARN_OBJC_LITERAL_CONVERSION = YES;
				CLANG_WARN_OBJC_ROOT_CLASS = YES_ERROR;
				CLANG_WARN_RANGE_LOOP_ANALYSIS = YES;
				CLANG_WARN_STRICT_PROTOTYPES = YES;
				CLANG_WARN_SUSPICIOUS_MOVE = YES;
				CLANG_WARN_UNGUARDED_AVAILABILITY = YES_AGGRESSIVE;
				CLANG_WARN_UNREACHABLE_CODE = YES;
				CLANG_WARN__DUPLICATE_METHOD_MATCH = YES;
				CODE_SIGN_IDENTITY = "iPhone Developer";
				COPY_PHASE_STRIP = NO;
				DEBUG_INFORMATION_FORMAT = dwarf;
				ENABLE_STRICT_OBJC_MSGSEND = YES;
				ENABLE_TESTABILITY = YES;
				GCC_C_LANGUAGE_STANDARD = gnu11;
				GCC_DYNAMIC_NO_PIC = NO;
				GCC_NO_COMMON_BLOCKS = YES;
				GCC_OPTIMIZATION_LEVEL = 0;
				GCC_PREPROCESSOR_DEFINITIONS = (
					"DEBUG=1",
					"$(inherited)",
				);
				GCC_WARN_64_TO_32_BIT_CONVERSION = YES;
				GCC_WARN_ABOUT_RETURN_TYPE = YES_ERROR;
				GCC_WARN_UNDECLARED_SELECTOR = YES;
				GCC_WARN_UNINITIALIZED_AUTOS = YES_AGGRESSIVE;
				GCC_WARN_UNUSED_FUNCTION = YES;
				GCC_WARN_UNUSED_VARIABLE = YES;
				IPHONEOS_DEPLOYMENT_TARGET = 11.2;
				MTL_ENABLE_DEBUG_INFO = YES;
				ONLY_ACTIVE_ARCH = YES;
				SDKROOT = iphoneos;
				SWIFT_ACTIVE_COMPILATION_CONDITIONS = DEBUG;
				SWIFT_OPTIMIZATION_LEVEL = "-Onone";
			};
			name = Debug;
		};
		20280E5A205F1A260023DE98 /* Release */ = {
			isa = XCBuildConfiguration;
			buildSettings = {
				ALWAYS_SEARCH_USER_PATHS = NO;
				CLANG_ANALYZER_NONNULL = YES;
				CLANG_ANALYZER_NUMBER_OBJECT_CONVERSION = YES_AGGRESSIVE;
				CLANG_CXX_LANGUAGE_STANDARD = "gnu++14";
				CLANG_CXX_LIBRARY = "libc++";
				CLANG_ENABLE_MODULES = YES;
				CLANG_ENABLE_OBJC_ARC = YES;
				CLANG_WARN_BLOCK_CAPTURE_AUTORELEASING = YES;
				CLANG_WARN_BOOL_CONVERSION = YES;
				CLANG_WARN_COMMA = YES;
				CLANG_WARN_CONSTANT_CONVERSION = YES;
				CLANG_WARN_DIRECT_OBJC_ISA_USAGE = YES_ERROR;
				CLANG_WARN_DOCUMENTATION_COMMENTS = YES;
				CLANG_WARN_EMPTY_BODY = YES;
				CLANG_WARN_ENUM_CONVERSION = YES;
				CLANG_WARN_INFINITE_RECURSION = YES;
				CLANG_WARN_INT_CONVERSION = YES;
				CLANG_WARN_NON_LITERAL_NULL_CONVERSION = YES;
				CLANG_WARN_OBJC_LITERAL_CONVERSION = YES;
				CLANG_WARN_OBJC_ROOT_CLASS = YES_ERROR;
				CLANG_WARN_RANGE_LOOP_ANALYSIS = YES;
				CLANG_WARN_STRICT_PROTOTYPES = YES;
				CLANG_WARN_SUSPICIOUS_MOVE = YES;
				CLANG_WARN_UNGUARDED_AVAILABILITY = YES_AGGRESSIVE;
				CLANG_WARN_UNREACHABLE_CODE = YES;
				CLANG_WARN__DUPLICATE_METHOD_MATCH = YES;
				CODE_SIGN_IDENTITY = "iPhone Developer";
				COPY_PHASE_STRIP = NO;
				DEBUG_INFORMATION_FORMAT = "dwarf-with-dsym";
				ENABLE_NS_ASSERTIONS = NO;
				ENABLE_STRICT_OBJC_MSGSEND = YES;
				GCC_C_LANGUAGE_STANDARD = gnu11;
				GCC_NO_COMMON_BLOCKS = YES;
				GCC_WARN_64_TO_32_BIT_CONVERSION = YES;
				GCC_WARN_ABOUT_RETURN_TYPE = YES_ERROR;
				GCC_WARN_UNDECLARED_SELECTOR = YES;
				GCC_WARN_UNINITIALIZED_AUTOS = YES_AGGRESSIVE;
				GCC_WARN_UNUSED_FUNCTION = YES;
				GCC_WARN_UNUSED_VARIABLE = YES;
				IPHONEOS_DEPLOYMENT_TARGET = 11.2;
				MTL_ENABLE_DEBUG_INFO = NO;
				SDKROOT = iphoneos;
				SWIFT_OPTIMIZATION_LEVEL = "-Owholemodule";
				VALIDATE_PRODUCT = YES;
			};
			name = Release;
		};
		20280E5C205F1A260023DE98 /* Debug */ = {
			isa = XCBuildConfiguration;
			baseConfigurationReference = 97F0514ACD265AE30738B2CE /* Pods-CurrencyCalculator.debug.xcconfig */;
			buildSettings = {
				ASSETCATALOG_COMPILER_APPICON_NAME = AppIcon;
				CODE_SIGN_STYLE = Automatic;
				INFOPLIST_FILE = CurrencyCalculator/Info.plist;
				LD_RUNPATH_SEARCH_PATHS = "$(inherited) @executable_path/Frameworks";
				PRODUCT_BUNDLE_IDENTIFIER = Mateusz.CurrencyCalculator;
				PRODUCT_NAME = "$(TARGET_NAME)";
				SWIFT_VERSION = 4.0;
				TARGETED_DEVICE_FAMILY = "1,2";
			};
			name = Debug;
		};
		20280E5D205F1A260023DE98 /* Release */ = {
			isa = XCBuildConfiguration;
			baseConfigurationReference = 9E1EB298D8D54C50A1B454EF /* Pods-CurrencyCalculator.release.xcconfig */;
			buildSettings = {
				ASSETCATALOG_COMPILER_APPICON_NAME = AppIcon;
				CODE_SIGN_STYLE = Automatic;
				INFOPLIST_FILE = CurrencyCalculator/Info.plist;
				LD_RUNPATH_SEARCH_PATHS = "$(inherited) @executable_path/Frameworks";
				PRODUCT_BUNDLE_IDENTIFIER = Mateusz.CurrencyCalculator;
				PRODUCT_NAME = "$(TARGET_NAME)";
				SWIFT_VERSION = 4.0;
				TARGETED_DEVICE_FAMILY = "1,2";
			};
			name = Release;
		};
/* End XCBuildConfiguration section */

/* Begin XCConfigurationList section */
		20280E44205F1A260023DE98 /* Build configuration list for PBXProject "CurrencyCalculator" */ = {
			isa = XCConfigurationList;
			buildConfigurations = (
				20280E59205F1A260023DE98 /* Debug */,
				20280E5A205F1A260023DE98 /* Release */,
			);
			defaultConfigurationIsVisible = 0;
			defaultConfigurationName = Release;
		};
		20280E5B205F1A260023DE98 /* Build configuration list for PBXNativeTarget "CurrencyCalculator" */ = {
			isa = XCConfigurationList;
			buildConfigurations = (
				20280E5C205F1A260023DE98 /* Debug */,
				20280E5D205F1A260023DE98 /* Release */,
			);
			defaultConfigurationIsVisible = 0;
			defaultConfigurationName = Release;
		};
/* End XCConfigurationList section */
	};
	rootObject = 20280E41205F1A260023DE98 /* Project object */;
}
